
Microsoft Visual Studio Solution File, Format Version 12.00
Project("{FAE04EC0-301F-11D3-BF4B-00C04F79EFBC}") = "Overflow.AppHost", "Overflow.AppHost\Overflow.AppHost.csproj", "{2E59FB5D-8439-4375-8710-73EF58B40F81}"
EndProject
Project("{FAE04EC0-301F-11D3-BF4B-00C04F79EFBC}") = "Overflow.ServiceDefaults", "Overflow.ServiceDefaults\Overflow.ServiceDefaults.csproj", "{544E3C40-622E-4A6D-90F2-E1B446EF1F74}"
EndProject
Project("{2150E333-8FDC-42A3-9474-1A3956D46DE8}") = "services", "services", "{8F442740-69A3-43B8-AE37-510BDE6451DF}"
EndProject
Project("{FAE04EC0-301F-11D3-BF4B-00C04F79EFBC}") = "QuestionService", "QuestionService\QuestionService.csproj", "{32DE4E92-AE3E-4E3C-9602-2CB3D99413F7}"
EndProject
Project("{FAE04EC0-301F-11D3-BF4B-00C04F79EFBC}") = "SearchService", "SearchService\SearchService.csproj", "{352FC239-1744-4B60-8F42-33F686347D91}"
EndProject
Project("{2150E333-8FDC-42A3-9474-1A3956D46DE8}") = "common", "common", "{5B64464F-8602-4971-AE1B-0B680B2DFE76}"
EndProject
Project("{FAE04EC0-301F-11D3-BF4B-00C04F79EFBC}") = "Contracts", "Contracts\Contracts.csproj", "{E6325EB7-4D6F-4501-BAC8-2F87017BD906}"
EndProject
Project("{FAE04EC0-301F-11D3-BF4B-00C04F79EFBC}") = "Common", "Common\Common.csproj", "{50435088-CADB-4255-BED7-0DA2C7C7B9E3}"
EndProject
Project("{FAE04EC0-301F-11D3-BF4B-00C04F79EFBC}") = "ProfileService", "ProfileService\ProfileService.csproj", "{BA2B9919-C162-4DB4-BE74-549FBC8F541A}"
EndProject
Project("{FAE04EC0-301F-11D3-BF4B-00C04F79EFBC}") = "StatsService", "StatsService\StatsService.csproj", "{F3CBEBA3-71FA-4445-A2FF-272DD8DD5A55}"
EndProject
Project("{FAE04EC0-301F-11D3-BF4B-00C04F79EFBC}") = "Reputation", "Reputation\Reputation.csproj", "{EEAEC09D-C924-4DEC-91F9-C95B9F73932A}"
EndProject
Project("{FAE04EC0-301F-11D3-BF4B-00C04F79EFBC}") = "VoteService", "VoteService\VoteService.csproj", "{F4E480CA-32AA-414D-87C8-3D398EBEA69F}"
EndProject
Global
	GlobalSection(SolutionConfigurationPlatforms) = preSolution
		Debug|Any CPU = Debug|Any CPU
		Release|Any CPU = Release|Any CPU
	EndGlobalSection
	GlobalSection(ProjectConfigurationPlatforms) = postSolution
		{2E59FB5D-8439-4375-8710-73EF58B40F81}.Debug|Any CPU.ActiveCfg = Debug|Any CPU
		{2E59FB5D-8439-4375-8710-73EF58B40F81}.Debug|Any CPU.Build.0 = Debug|Any CPU
		{2E59FB5D-8439-4375-8710-73EF58B40F81}.Release|Any CPU.ActiveCfg = Release|Any CPU
		{2E59FB5D-8439-4375-8710-73EF58B40F81}.Release|Any CPU.Build.0 = Release|Any CPU
		{544E3C40-622E-4A6D-90F2-E1B446EF1F74}.Debug|Any CPU.ActiveCfg = Debug|Any CPU
		{544E3C40-622E-4A6D-90F2-E1B446EF1F74}.Debug|Any CPU.Build.0 = Debug|Any CPU
		{544E3C40-622E-4A6D-90F2-E1B446EF1F74}.Release|Any CPU.ActiveCfg = Release|Any CPU
		{544E3C40-622E-4A6D-90F2-E1B446EF1F74}.Release|Any CPU.Build.0 = Release|Any CPU
		{32DE4E92-AE3E-4E3C-9602-2CB3D99413F7}.Debug|Any CPU.ActiveCfg = Debug|Any CPU
		{32DE4E92-AE3E-4E3C-9602-2CB3D99413F7}.Debug|Any CPU.Build.0 = Debug|Any CPU
		{32DE4E92-AE3E-4E3C-9602-2CB3D99413F7}.Release|Any CPU.ActiveCfg = Release|Any CPU
		{32DE4E92-AE3E-4E3C-9602-2CB3D99413F7}.Release|Any CPU.Build.0 = Release|Any CPU
		{352FC239-1744-4B60-8F42-33F686347D91}.Debug|Any CPU.ActiveCfg = Debug|Any CPU
		{352FC239-1744-4B60-8F42-33F686347D91}.Debug|Any CPU.Build.0 = Debug|Any CPU
		{352FC239-1744-4B60-8F42-33F686347D91}.Release|Any CPU.ActiveCfg = Release|Any CPU
		{352FC239-1744-4B60-8F42-33F686347D91}.Release|Any CPU.Build.0 = Release|Any CPU
		{E6325EB7-4D6F-4501-BAC8-2F87017BD906}.Debug|Any CPU.ActiveCfg = Debug|Any CPU
		{E6325EB7-4D6F-4501-BAC8-2F87017BD906}.Debug|Any CPU.Build.0 = Debug|Any CPU
		{E6325EB7-4D6F-4501-BAC8-2F87017BD906}.Release|Any CPU.ActiveCfg = Release|Any CPU
		{E6325EB7-4D6F-4501-BAC8-2F87017BD906}.Release|Any CPU.Build.0 = Release|Any CPU
		{50435088-CADB-4255-BED7-0DA2C7C7B9E3}.Debug|Any CPU.ActiveCfg = Debug|Any CPU
		{50435088-CADB-4255-BED7-0DA2C7C7B9E3}.Debug|Any CPU.Build.0 = Debug|Any CPU
		{50435088-CADB-4255-BED7-0DA2C7C7B9E3}.Release|Any CPU.ActiveCfg = Release|Any CPU
		{50435088-CADB-4255-BED7-0DA2C7C7B9E3}.Release|Any CPU.Build.0 = Release|Any CPU
		{BA2B9919-C162-4DB4-BE74-549FBC8F541A}.Debug|Any CPU.ActiveCfg = Debug|Any CPU
		{BA2B9919-C162-4DB4-BE74-549FBC8F541A}.Debug|Any CPU.Build.0 = Debug|Any CPU
		{BA2B9919-C162-4DB4-BE74-549FBC8F541A}.Release|Any CPU.ActiveCfg = Release|Any CPU
		{BA2B9919-C162-4DB4-BE74-549FBC8F541A}.Release|Any CPU.Build.0 = Release|Any CPU
		{F3CBEBA3-71FA-4445-A2FF-272DD8DD5A55}.Debug|Any CPU.ActiveCfg = Debug|Any CPU
		{F3CBEBA3-71FA-4445-A2FF-272DD8DD5A55}.Debug|Any CPU.Build.0 = Debug|Any CPU
		{F3CBEBA3-71FA-4445-A2FF-272DD8DD5A55}.Release|Any CPU.ActiveCfg = Release|Any CPU
		{F3CBEBA3-71FA-4445-A2FF-272DD8DD5A55}.Release|Any CPU.Build.0 = Release|Any CPU
		{EEAEC09D-C924-4DEC-91F9-C95B9F73932A}.Debug|Any CPU.ActiveCfg = Debug|Any CPU
		{EEAEC09D-C924-4DEC-91F9-C95B9F73932A}.Debug|Any CPU.Build.0 = Debug|Any CPU
		{EEAEC09D-C924-4DEC-91F9-C95B9F73932A}.Release|Any CPU.ActiveCfg = Release|Any CPU
		{EEAEC09D-C924-4DEC-91F9-C95B9F73932A}.Release|Any CPU.Build.0 = Release|Any CPU
		{F4E480CA-32AA-414D-87C8-3D398EBEA69F}.Debug|Any CPU.ActiveCfg = Debug|Any CPU
		{F4E480CA-32AA-414D-87C8-3D398EBEA69F}.Debug|Any CPU.Build.0 = Debug|Any CPU
		{F4E480CA-32AA-414D-87C8-3D398EBEA69F}.Release|Any CPU.ActiveCfg = Release|Any CPU
		{F4E480CA-32AA-414D-87C8-3D398EBEA69F}.Release|Any CPU.Build.0 = Release|Any CPU
	EndGlobalSection
	GlobalSection(NestedProjects) = preSolution
		{32DE4E92-AE3E-4E3C-9602-2CB3D99413F7} = {8F442740-69A3-43B8-AE37-510BDE6451DF}
		{352FC239-1744-4B60-8F42-33F686347D91} = {8F442740-69A3-43B8-AE37-510BDE6451DF}
		{E6325EB7-4D6F-4501-BAC8-2F87017BD906} = {5B64464F-8602-4971-AE1B-0B680B2DFE76}
		{50435088-CADB-4255-BED7-0DA2C7C7B9E3} = {5B64464F-8602-4971-AE1B-0B680B2DFE76}
		{BA2B9919-C162-4DB4-BE74-549FBC8F541A} = {8F442740-69A3-43B8-AE37-510BDE6451DF}
		{F3CBEBA3-71FA-4445-A2FF-272DD8DD5A55} = {8F442740-69A3-43B8-AE37-510BDE6451DF}
		{EEAEC09D-C924-4DEC-91F9-C95B9F73932A} = {5B64464F-8602-4971-AE1B-0B680B2DFE76}
		{F4E480CA-32AA-414D-87C8-3D398EBEA69F} = {8F442740-69A3-43B8-AE37-510BDE6451DF}
	EndGlobalSection
EndGlobal
